
Microsoft Visual Studio Solution File, Format Version 12.00
Project("{FAE04EC0-301F-11D3-BF4B-00C04F79EFBC}") = "Irrelephant.Search.PrivateEye.Tests", "src\Irrelephant.Search.PrivateEye.Tests\Irrelephant.Search.PrivateEye.Tests.csproj", "{83816E0D-3E9F-430E-8131-F834C25427D8}"
EndProject
Project("{FAE04EC0-301F-11D3-BF4B-00C04F79EFBC}") = "Irrelephant.Search.PrivateEye", "src\Irrelephant.Search.PrivateEye\Irrelephant.Search.PrivateEye.csproj", "{B866742A-4105-4C13-ACB1-B596F0542D06}"
EndProject
Project("{FAE04EC0-301F-11D3-BF4B-00C04F79EFBC}") = "Irrelephant.Search.PrivateEye.Core", "src\Irrelephant.Search.PrivateEye.Core\Irrelephant.Search.PrivateEye.Core.csproj", "{D63CB7ED-7BE0-4361-8009-E0C125449839}"
EndProject
Project("{2150E333-8FDC-42A3-9474-1A3956D46DE8}") = "src", "src", "{E1A876FA-718B-4FAD-B599-6185F07AD788}"
EndProject
Project("{2150E333-8FDC-42A3-9474-1A3956D46DE8}") = "dotfiles", "dotfiles", "{3792CEA8-6219-4D72-BF44-71A85B480173}"
	ProjectSection(SolutionItems) = preProject
		.gitignore = .gitignore
		.editorconfig = .editorconfig
	EndProjectSection
EndProject
Project("{2150E333-8FDC-42A3-9474-1A3956D46DE8}") = "doc", "doc", "{3AEB87A8-FC2B-4915-A198-462FC8D1DA3F}"
	ProjectSection(SolutionItems) = preProject
		doc\CONCEPT.md = doc\CONCEPT.md
		README.md = README.md
		doc\IMPLEMENTATION.md = doc\IMPLEMENTATION.md
	EndProjectSection
EndProject
Project("{2150E333-8FDC-42A3-9474-1A3956D46DE8}") = ".github", ".github", "{E5C665E5-26BE-4632-8E88-2444227D0DF7}"
EndProject
Project("{2150E333-8FDC-42A3-9474-1A3956D46DE8}") = "workflows", "workflows", "{DC3A1B0D-0635-4F2F-9B32-FECCC25B65CE}"
	ProjectSection(SolutionItems) = preProject
		.github\workflows\build.yml = .github\workflows\build.yml
	EndProjectSection
EndProject
Global
	GlobalSection(SolutionConfigurationPlatforms) = preSolution
		Debug|Any CPU = Debug|Any CPU
		Release|Any CPU = Release|Any CPU
	EndGlobalSection
	GlobalSection(ProjectConfigurationPlatforms) = postSolution
		{83816E0D-3E9F-430E-8131-F834C25427D8}.Debug|Any CPU.ActiveCfg = Debug|Any CPU
		{83816E0D-3E9F-430E-8131-F834C25427D8}.Debug|Any CPU.Build.0 = Debug|Any CPU
		{83816E0D-3E9F-430E-8131-F834C25427D8}.Release|Any CPU.ActiveCfg = Release|Any CPU
		{83816E0D-3E9F-430E-8131-F834C25427D8}.Release|Any CPU.Build.0 = Release|Any CPU
		{B866742A-4105-4C13-ACB1-B596F0542D06}.Debug|Any CPU.ActiveCfg = Debug|Any CPU
		{B866742A-4105-4C13-ACB1-B596F0542D06}.Debug|Any CPU.Build.0 = Debug|Any CPU
		{B866742A-4105-4C13-ACB1-B596F0542D06}.Release|Any CPU.ActiveCfg = Release|Any CPU
		{B866742A-4105-4C13-ACB1-B596F0542D06}.Release|Any CPU.Build.0 = Release|Any CPU
		{D63CB7ED-7BE0-4361-8009-E0C125449839}.Debug|Any CPU.ActiveCfg = Debug|Any CPU
		{D63CB7ED-7BE0-4361-8009-E0C125449839}.Debug|Any CPU.Build.0 = Debug|Any CPU
		{D63CB7ED-7BE0-4361-8009-E0C125449839}.Release|Any CPU.ActiveCfg = Release|Any CPU
		{D63CB7ED-7BE0-4361-8009-E0C125449839}.Release|Any CPU.Build.0 = Release|Any CPU
	EndGlobalSection
	GlobalSection(NestedProjects) = preSolution
		{B866742A-4105-4C13-ACB1-B596F0542D06} = {E1A876FA-718B-4FAD-B599-6185F07AD788}
		{D63CB7ED-7BE0-4361-8009-E0C125449839} = {E1A876FA-718B-4FAD-B599-6185F07AD788}
		{83816E0D-3E9F-430E-8131-F834C25427D8} = {E1A876FA-718B-4FAD-B599-6185F07AD788}
		{E5C665E5-26BE-4632-8E88-2444227D0DF7} = {3792CEA8-6219-4D72-BF44-71A85B480173}
		{DC3A1B0D-0635-4F2F-9B32-FECCC25B65CE} = {E5C665E5-26BE-4632-8E88-2444227D0DF7}
	EndGlobalSection
EndGlobal
